
Microsoft Visual Studio Solution File, Format Version 12.00
# Visual Studio Version 17
VisualStudioVersion = 17.10.35027.167
MinimumVisualStudioVersion = 10.0.40219.1
Project("{FAE04EC0-301F-11D3-BF4B-00C04F79EFBC}") = "Coding Challenge dotnetapi", "Coding Challenge dotnetapi\Coding Challenge dotnetapi.csproj", "{940B31F6-D98B-43E7-A20A-33C64EB0F789}"
EndProject
Global
	GlobalSection(SolutionConfigurationPlatforms) = preSolution
		Debug|Any CPU = Debug|Any CPU
		Release|Any CPU = Release|Any CPU
	EndGlobalSection
	GlobalSection(ProjectConfigurationPlatforms) = postSolution
		{940B31F6-D98B-43E7-A20A-33C64EB0F789}.Debug|Any CPU.ActiveCfg = Debug|Any CPU
		{940B31F6-D98B-43E7-A20A-33C64EB0F789}.Debug|Any CPU.Build.0 = Debug|Any CPU
		{940B31F6-D98B-43E7-A20A-33C64EB0F789}.Release|Any CPU.ActiveCfg = Release|Any CPU
		{940B31F6-D98B-43E7-A20A-33C64EB0F789}.Release|Any CPU.Build.0 = Release|Any CPU
	EndGlobalSection
	GlobalSection(SolutionProperties) = preSolution
		HideSolutionNode = FALSE
	EndGlobalSection
	GlobalSection(ExtensibilityGlobals) = postSolution
		SolutionGuid = {3E1A6691-6B92-4111-B07C-FF59A30D970C}
	EndGlobalSection
EndGlobal
